
Microsoft Visual Studio Solution File, Format Version 12.00
# Visual Studio Version 17
VisualStudioVersion = 17.10.35027.167
MinimumVisualStudioVersion = 10.0.40219.1
Project("{8BC9CEB8-8B4A-11D0-8D11-00A0C91BC942}") = "Project1", "Project1.vcxproj", "{83295313-2467-4609-B943-AC33291C1D1B}"
EndProject
Global
	GlobalSection(SolutionConfigurationPlatforms) = preSolution
		Debug|x64 = Debug|x64
		Debug|x86 = Debug|x86
		Release|x64 = Release|x64
		Release|x86 = Release|x86
	EndGlobalSection
	GlobalSection(ProjectConfigurationPlatforms) = postSolution
		{83295313-2467-4609-B943-AC33291C1D1B}.Debug|x64.ActiveCfg = Debug|x64
		{83295313-2467-4609-B943-AC33291C1D1B}.Debug|x64.Build.0 = Debug|x64
		{83295313-2467-4609-B943-AC33291C1D1B}.Debug|x86.ActiveCfg = Debug|Win32
		{83295313-2467-4609-B943-AC33291C1D1B}.Debug|x86.Build.0 = Debug|Win32
		{83295313-2467-4609-B943-AC33291C1D1B}.Release|x64.ActiveCfg = Release|x64
		{83295313-2467-4609-B943-AC33291C1D1B}.Release|x64.Build.0 = Release|x64
		{83295313-2467-4609-B943-AC33291C1D1B}.Release|x86.ActiveCfg = Release|Win32
		{83295313-2467-4609-B943-AC33291C1D1B}.Release|x86.Build.0 = Release|Win32
	EndGlobalSection
	GlobalSection(SolutionProperties) = preSolution
		HideSolutionNode = FALSE
	EndGlobalSection
	GlobalSection(ExtensibilityGlobals) = postSolution
		SolutionGuid = {3934100E-40C6-4057-8186-A5334E0D1F58}
	EndGlobalSection
EndGlobal
